// !$*UTF8*$!
{
	archiveVersion = 1;
	classes = {
	};
	objectVersion = 46;
	objects = {

/* Begin PBXBuildFile section */
		355A022D1D2A476C00AEB41D /* Button.cpp in Sources */ = {isa = PBXBuildFile; fileRef = 355A022B1D2A476C00AEB41D /* Button.cpp */; };
		35AFD8091D23733B003FAE93 /* DisplayManager.cpp in Sources */ = {isa = PBXBuildFile; fileRef = 35AFD7E41D23733B003FAE93 /* DisplayManager.cpp */; };
		35AFD80A1D23733B003FAE93 /* Game.cpp in Sources */ = {isa = PBXBuildFile; fileRef = 35AFD7E61D23733B003FAE93 /* Game.cpp */; };
		35AFD80B1D23733B003FAE93 /* GameState.cpp in Sources */ = {isa = PBXBuildFile; fileRef = 35AFD7E91D23733B003FAE93 /* GameState.cpp */; };
		35AFD80C1D23733B003FAE93 /* global.cpp in Sources */ = {isa = PBXBuildFile; fileRef = 35AFD7EB1D23733B003FAE93 /* global.cpp */; };
		35AFD80D1D23733B003FAE93 /* IntroState.cpp in Sources */ = {isa = PBXBuildFile; fileRef = 35AFD7ED1D23733B003FAE93 /* IntroState.cpp */; };
		35AFD80E1D23733B003FAE93 /* MenuState.cpp in Sources */ = {isa = PBXBuildFile; fileRef = 35AFD7EF1D23733B003FAE93 /* MenuState.cpp */; };
		35AFD80F1D23733B003FAE93 /* PlayState.cpp in Sources */ = {isa = PBXBuildFile; fileRef = 35AFD7F11D23733B003FAE93 /* PlayState.cpp */; };
		35AFD8111D23733B003FAE93 /* Creature.cpp in Sources */ = {isa = PBXBuildFile; fileRef = 35AFD7FC1D23733B003FAE93 /* Creature.cpp */; };
		35AFD8131D23733B003FAE93 /* Wall.cpp in Sources */ = {isa = PBXBuildFile; fileRef = 35AFD8011D23733B003FAE93 /* Wall.cpp */; };
		35AFD8151D23733B003FAE93 /* FPSCounter.cpp in Sources */ = {isa = PBXBuildFile; fileRef = 35AFD8051D23733B003FAE93 /* FPSCounter.cpp */; };
		35AFD8161D23733B003FAE93 /* image_func.cpp in Sources */ = {isa = PBXBuildFile; fileRef = 35AFD8071D23733B003FAE93 /* image_func.cpp */; };
		35AFD8181D23739C003FAE93 /* SDL2.framework in Frameworks */ = {isa = PBXBuildFile; fileRef = 35AFD8171D23739C003FAE93 /* SDL2.framework */; };
		35AFD81D1D2374A5003FAE93 /* SDL2_mixer.framework in Frameworks */ = {isa = PBXBuildFile; fileRef = 35AFD81B1D2374A5003FAE93 /* SDL2_mixer.framework */; };
		35AFD8201D23765B003FAE93 /* SDL2_image.framework in Frameworks */ = {isa = PBXBuildFile; fileRef = 35AFD81F1D23765B003FAE93 /* SDL2_image.framework */; };
		35AFD8371D23A47A003FAE93 /* main.cpp in Sources */ = {isa = PBXBuildFile; fileRef = 35AFD8361D23A47A003FAE93 /* main.cpp */; };
		35EFCFBC1D361B2000F14859 /* Object.cpp in Sources */ = {isa = PBXBuildFile; fileRef = 35EFCFBB1D361B2000F14859 /* Object.cpp */; };
/* End PBXBuildFile section */

/* Begin PBXCopyFilesBuildPhase section */
		35A0BD181D236FA000155656 /* Copy Files */ = {
			isa = PBXCopyFilesBuildPhase;
			buildActionMask = 2147483647;
			dstPath = /usr/share/man/man1/;
			dstSubfolderSpec = 0;
			files = (
			);
			name = "Copy Files";
			runOnlyForDeploymentPostprocessing = 1;
		};
/* End PBXCopyFilesBuildPhase section */

/* Begin PBXFileReference section */
		3518437B1D37B72500DF8268 /* intro.png */ = {isa = PBXFileReference; lastKnownFileType = image.png; path = intro.png; sourceTree = "<group>"; };
		3518437C1D37B72500DF8268 /* menu.png */ = {isa = PBXFileReference; lastKnownFileType = image.png; path = menu.png; sourceTree = "<group>"; };
		3518437D1D37B72500DF8268 /* play.png */ = {isa = PBXFileReference; lastKnownFileType = image.png; path = play.png; sourceTree = "<group>"; };
		3518437E1D37B72500DF8268 /* teddy.png */ = {isa = PBXFileReference; lastKnownFileType = image.png; path = teddy.png; sourceTree = "<group>"; };
		355A022B1D2A476C00AEB41D /* Button.cpp */ = {isa = PBXFileReference; fileEncoding = 4; lastKnownFileType = sourcecode.cpp.cpp; name = Button.cpp; path = Widgets/Button.cpp; sourceTree = SOURCE_ROOT; };
		355A022C1D2A476C00AEB41D /* Button.hpp */ = {isa = PBXFileReference; fileEncoding = 4; lastKnownFileType = sourcecode.cpp.h; name = Button.hpp; path = Widgets/Button.hpp; sourceTree = SOURCE_ROOT; };
		35A0BD1A1D236FA000155656 /* Small2D_SDL */ = {isa = PBXFileReference; explicitFileType = "compiled.mach-o.executable"; includeInIndex = 0; path = Small2D_SDL; sourceTree = BUILT_PRODUCTS_DIR; };
		35AFD7E21D23733B003FAE93 /* config.txt */ = {isa = PBXFileReference; fileEncoding = 4; lastKnownFileType = text; path = config.txt; sourceTree = "<group>"; };
		35AFD7E41D23733B003FAE93 /* DisplayManager.cpp */ = {isa = PBXFileReference; fileEncoding = 4; lastKnownFileType = sourcecode.cpp.cpp; path = DisplayManager.cpp; sourceTree = "<group>"; };
		35AFD7E51D23733B003FAE93 /* DisplayManager.hpp */ = {isa = PBXFileReference; fileEncoding = 4; lastKnownFileType = sourcecode.cpp.h; path = DisplayManager.hpp; sourceTree = "<group>"; };
		35AFD7E61D23733B003FAE93 /* Game.cpp */ = {isa = PBXFileReference; fileEncoding = 4; lastKnownFileType = sourcecode.cpp.cpp; path = Game.cpp; sourceTree = "<group>"; };
		35AFD7E71D23733B003FAE93 /* Game.hpp */ = {isa = PBXFileReference; fileEncoding = 4; lastKnownFileType = sourcecode.cpp.h; path = Game.hpp; sourceTree = "<group>"; };
		35AFD7E91D23733B003FAE93 /* GameState.cpp */ = {isa = PBXFileReference; fileEncoding = 4; lastKnownFileType = sourcecode.cpp.cpp; path = GameState.cpp; sourceTree = "<group>"; };
		35AFD7EA1D23733B003FAE93 /* GameState.hpp */ = {isa = PBXFileReference; fileEncoding = 4; lastKnownFileType = sourcecode.cpp.h; path = GameState.hpp; sourceTree = "<group>"; };
		35AFD7EB1D23733B003FAE93 /* global.cpp */ = {isa = PBXFileReference; fileEncoding = 4; lastKnownFileType = sourcecode.cpp.cpp; path = global.cpp; sourceTree = "<group>"; };
		35AFD7EC1D23733B003FAE93 /* global.hpp */ = {isa = PBXFileReference; fileEncoding = 4; lastKnownFileType = sourcecode.cpp.h; path = global.hpp; sourceTree = "<group>"; };
		35AFD7ED1D23733B003FAE93 /* IntroState.cpp */ = {isa = PBXFileReference; fileEncoding = 4; lastKnownFileType = sourcecode.cpp.cpp; path = IntroState.cpp; sourceTree = "<group>"; };
		35AFD7EE1D23733B003FAE93 /* IntroState.hpp */ = {isa = PBXFileReference; fileEncoding = 4; lastKnownFileType = sourcecode.cpp.h; path = IntroState.hpp; sourceTree = "<group>"; };
		35AFD7EF1D23733B003FAE93 /* MenuState.cpp */ = {isa = PBXFileReference; fileEncoding = 4; lastKnownFileType = sourcecode.cpp.cpp; path = MenuState.cpp; sourceTree = "<group>"; };
		35AFD7F01D23733B003FAE93 /* MenuState.hpp */ = {isa = PBXFileReference; fileEncoding = 4; lastKnownFileType = sourcecode.cpp.h; path = MenuState.hpp; sourceTree = "<group>"; };
		35AFD7F11D23733B003FAE93 /* PlayState.cpp */ = {isa = PBXFileReference; fileEncoding = 4; lastKnownFileType = sourcecode.cpp.cpp; path = PlayState.cpp; sourceTree = "<group>"; };
		35AFD7F21D23733B003FAE93 /* PlayState.hpp */ = {isa = PBXFileReference; fileEncoding = 4; lastKnownFileType = sourcecode.cpp.h; path = PlayState.hpp; sourceTree = "<group>"; };
		35AFD7F41D23733B003FAE93 /* ARIAL.TTF */ = {isa = PBXFileReference; lastKnownFileType = file; path = ARIAL.TTF; sourceTree = "<group>"; };
		35AFD7F51D23733B003FAE93 /* URW.TTF */ = {isa = PBXFileReference; lastKnownFileType = file; path = URW.TTF; sourceTree = "<group>"; };
		35AFD7F71D23733B003FAE93 /* LICENSE */ = {isa = PBXFileReference; fileEncoding = 4; lastKnownFileType = text; path = LICENSE; sourceTree = SOURCE_ROOT; };
		35AFD7F81D23733B003FAE93 /* main.hpp */ = {isa = PBXFileReference; fileEncoding = 4; lastKnownFileType = sourcecode.cpp.h; path = main.hpp; sourceTree = SOURCE_ROOT; };
		35AFD7FC1D23733B003FAE93 /* Creature.cpp */ = {isa = PBXFileReference; fileEncoding = 4; lastKnownFileType = sourcecode.cpp.cpp; path = Creature.cpp; sourceTree = "<group>"; };
		35AFD7FD1D23733B003FAE93 /* Creature.hpp */ = {isa = PBXFileReference; fileEncoding = 4; lastKnownFileType = sourcecode.cpp.h; path = Creature.hpp; sourceTree = "<group>"; };
		35AFD8001D23733B003FAE93 /* Object.hpp */ = {isa = PBXFileReference; fileEncoding = 4; lastKnownFileType = sourcecode.cpp.h; path = Object.hpp; sourceTree = "<group>"; };
		35AFD8011D23733B003FAE93 /* Wall.cpp */ = {isa = PBXFileReference; fileEncoding = 4; lastKnownFileType = sourcecode.cpp.cpp; path = Wall.cpp; sourceTree = "<group>"; };
		35AFD8021D23733B003FAE93 /* Wall.hpp */ = {isa = PBXFileReference; fileEncoding = 4; lastKnownFileType = sourcecode.cpp.h; path = Wall.hpp; sourceTree = "<group>"; };
		35AFD8031D23733B003FAE93 /* README.md */ = {isa = PBXFileReference; fileEncoding = 4; lastKnownFileType = net.daringfireball.markdown; path = README.md; sourceTree = SOURCE_ROOT; };
		35AFD8051D23733B003FAE93 /* FPSCounter.cpp */ = {isa = PBXFileReference; fileEncoding = 4; lastKnownFileType = sourcecode.cpp.cpp; path = FPSCounter.cpp; sourceTree = "<group>"; };
		35AFD8061D23733B003FAE93 /* FPSCounter.hpp */ = {isa = PBXFileReference; fileEncoding = 4; lastKnownFileType = sourcecode.cpp.h; path = FPSCounter.hpp; sourceTree = "<group>"; };
		35AFD8071D23733B003FAE93 /* image_func.cpp */ = {isa = PBXFileReference; fileEncoding = 4; lastKnownFileType = sourcecode.cpp.cpp; path = image_func.cpp; sourceTree = "<group>"; };
		35AFD8081D23733B003FAE93 /* image_func.hpp */ = {isa = PBXFileReference; fileEncoding = 4; lastKnownFileType = sourcecode.cpp.h; path = image_func.hpp; sourceTree = "<group>"; };
		35AFD8171D23739C003FAE93 /* SDL2.framework */ = {isa = PBXFileReference; lastKnownFileType = wrapper.framework; name = SDL2.framework; path = /Library/Frameworks/SDL2.framework; sourceTree = "<absolute>"; };
		35AFD81B1D2374A5003FAE93 /* SDL2_mixer.framework */ = {isa = PBXFileReference; lastKnownFileType = wrapper.framework; name = SDL2_mixer.framework; path = /Library/Frameworks/SDL2_mixer.framework; sourceTree = "<absolute>"; };
		35AFD81F1D23765B003FAE93 /* SDL2_image.framework */ = {isa = PBXFileReference; lastKnownFileType = wrapper.framework; name = SDL2_image.framework; path = ../../../../Library/Frameworks/SDL2_image.framework; sourceTree = "<group>"; };
		35AFD8361D23A47A003FAE93 /* main.cpp */ = {isa = PBXFileReference; fileEncoding = 4; lastKnownFileType = sourcecode.cpp.cpp; path = main.cpp; sourceTree = SOURCE_ROOT; };
		35EFCFBB1D361B2000F14859 /* Object.cpp */ = {isa = PBXFileReference; fileEncoding = 4; lastKnownFileType = sourcecode.cpp.cpp; path = Object.cpp; sourceTree = "<group>"; };
/* End PBXFileReference section */

/* Begin PBXFrameworksBuildPhase section */
		35A0BD171D236FA000155656 /* Frameworks */ = {
			isa = PBXFrameworksBuildPhase;
			buildActionMask = 2147483647;
			files = (
				35AFD8201D23765B003FAE93 /* SDL2_image.framework in Frameworks */,
				35AFD8181D23739C003FAE93 /* SDL2.framework in Frameworks */,
				35AFD81D1D2374A5003FAE93 /* SDL2_mixer.framework in Frameworks */,
			);
			runOnlyForDeploymentPostprocessing = 0;
		};
/* End PBXFrameworksBuildPhase section */

/* Begin PBXGroup section */
		355A02281D2A46D700AEB41D /* Widgets */ = {
			isa = PBXGroup;
			children = (
				355A022B1D2A476C00AEB41D /* Button.cpp */,
				355A022C1D2A476C00AEB41D /* Button.hpp */,
			);
			name = Widgets;
			path = ../Objects;
			sourceTree = "<group>";
		};
		35A0BD111D236FA000155656 = {
			isa = PBXGroup;
			children = (
				35AFD8191D237477003FAE93 /* Libs */,
				35A0BD1C1D236FA000155656 /* 2dsdlengine */,
				35A0BD1B1D236FA000155656 /* Products */,
			);
			sourceTree = "<group>";
		};
		35A0BD1B1D236FA000155656 /* Products */ = {
			isa = PBXGroup;
			children = (
				35A0BD1A1D236FA000155656 /* Small2D_SDL */,
			);
			name = Products;
			sourceTree = "<group>";
		};
		35A0BD1C1D236FA000155656 /* 2dsdlengine */ = {
			isa = PBXGroup;
			children = (
				355A02281D2A46D700AEB41D /* Widgets */,
				35AFD8041D23733B003FAE93 /* Util */,
				35AFD7F91D23733B003FAE93 /* Objects */,
				35AFD7E11D23733B003FAE93 /* Config */,
				35AFD7E31D23733B003FAE93 /* Core */,
				35AFD7F31D23733B003FAE93 /* Fonts */,
				35AFD7F61D23733B003FAE93 /* Images */,
				35AFD7F81D23733B003FAE93 /* main.hpp */,
				35AFD8361D23A47A003FAE93 /* main.cpp */,
				35AFD8031D23733B003FAE93 /* README.md */,
				35AFD7F71D23733B003FAE93 /* LICENSE */,
			);
			path = 2dsdlengine;
			sourceTree = "<group>";
		};
		35AFD7E11D23733B003FAE93 /* Config */ = {
			isa = PBXGroup;
			children = (
				35AFD7E21D23733B003FAE93 /* config.txt */,
			);
			path = Config;
			sourceTree = SOURCE_ROOT;
		};
		35AFD7E31D23733B003FAE93 /* Core */ = {
			isa = PBXGroup;
			children = (
				35AFD7EC1D23733B003FAE93 /* global.hpp */,
				35AFD7EB1D23733B003FAE93 /* global.cpp */,
				35AFD7E51D23733B003FAE93 /* DisplayManager.hpp */,
				35AFD7E41D23733B003FAE93 /* DisplayManager.cpp */,
				35AFD7E71D23733B003FAE93 /* Game.hpp */,
				35AFD7E61D23733B003FAE93 /* Game.cpp */,
				35AFD7EA1D23733B003FAE93 /* GameState.hpp */,
				35AFD7E91D23733B003FAE93 /* GameState.cpp */,
				35AFD7EE1D23733B003FAE93 /* IntroState.hpp */,
				35AFD7ED1D23733B003FAE93 /* IntroState.cpp */,
				35AFD7F01D23733B003FAE93 /* MenuState.hpp */,
				35AFD7EF1D23733B003FAE93 /* MenuState.cpp */,
				35AFD7F21D23733B003FAE93 /* PlayState.hpp */,
				35AFD7F11D23733B003FAE93 /* PlayState.cpp */,
			);
			path = Core;
			sourceTree = SOURCE_ROOT;
		};
		35AFD7F31D23733B003FAE93 /* Fonts */ = {
			isa = PBXGroup;
			children = (
				35AFD7F41D23733B003FAE93 /* ARIAL.TTF */,
				35AFD7F51D23733B003FAE93 /* URW.TTF */,
			);
			path = Fonts;
			sourceTree = SOURCE_ROOT;
		};
		35AFD7F61D23733B003FAE93 /* Images */ = {
			isa = PBXGroup;
			children = (
				3518437B1D37B72500DF8268 /* intro.png */,
				3518437C1D37B72500DF8268 /* menu.png */,
				3518437D1D37B72500DF8268 /* play.png */,
				3518437E1D37B72500DF8268 /* teddy.png */,
			);
			path = Images;
			sourceTree = SOURCE_ROOT;
		};
		35AFD7F91D23733B003FAE93 /* Objects */ = {
			isa = PBXGroup;
			children = (
				35AFD8001D23733B003FAE93 /* Object.hpp */,
				35EFCFBB1D361B2000F14859 /* Object.cpp */,
				35AFD7FD1D23733B003FAE93 /* Creature.hpp */,
				35AFD7FC1D23733B003FAE93 /* Creature.cpp */,
				35AFD8021D23733B003FAE93 /* Wall.hpp */,
				35AFD8011D23733B003FAE93 /* Wall.cpp */,
			);
			path = Objects;
			sourceTree = SOURCE_ROOT;
		};
		35AFD8041D23733B003FAE93 /* Util */ = {
			isa = PBXGroup;
			children = (
				35AFD8061D23733B003FAE93 /* FPSCounter.hpp */,
				35AFD8051D23733B003FAE93 /* FPSCounter.cpp */,
				35AFD8081D23733B003FAE93 /* image_func.hpp */,
				35AFD8071D23733B003FAE93 /* image_func.cpp */,
			);
			path = Util;
			sourceTree = SOURCE_ROOT;
		};
		35AFD8191D237477003FAE93 /* Libs */ = {
			isa = PBXGroup;
			children = (
				35AFD81F1D23765B003FAE93 /* SDL2_image.framework */,
				35AFD81B1D2374A5003FAE93 /* SDL2_mixer.framework */,
				35AFD8171D23739C003FAE93 /* SDL2.framework */,
			);
			name = Libs;
			sourceTree = "<group>";
		};
/* End PBXGroup section */

/* Begin PBXNativeTarget section */
		35A0BD191D236FA000155656 /* Small2D_SDL */ = {
			isa = PBXNativeTarget;
			buildConfigurationList = 35A0BD211D236FA000155656 /* Build configuration list for PBXNativeTarget "Small2D_SDL" */;
			buildPhases = (
				35A0BD171D236FA000155656 /* Frameworks */,
				35A0BD161D236FA000155656 /* Sources */,
				35A0BD181D236FA000155656 /* Copy Files */,
			);
			buildRules = (
			);
			dependencies = (
			);
			name = Small2D_SDL;
			productName = 2dsdlengine;
			productReference = 35A0BD1A1D236FA000155656 /* Small2D_SDL */;
			productType = "com.apple.product-type.tool";
		};
/* End PBXNativeTarget section */

/* Begin PBXProject section */
		35A0BD121D236FA000155656 /* Project object */ = {
			isa = PBXProject;
			attributes = {
				LastUpgradeCheck = 0730;
				ORGANIZATIONNAME = minjie;
				TargetAttributes = {
					35A0BD191D236FA000155656 = {
						CreatedOnToolsVersion = 7.3;
					};
				};
			};
			buildConfigurationList = 35A0BD151D236FA000155656 /* Build configuration list for PBXProject "Small2D_SDL" */;
			compatibilityVersion = "Xcode 3.2";
			developmentRegion = English;
			hasScannedForEncodings = 0;
			knownRegions = (
				en,
			);
			mainGroup = 35A0BD111D236FA000155656;
			productRefGroup = 35A0BD1B1D236FA000155656 /* Products */;
			projectDirPath = "";
			projectRoot = "";
			targets = (
				35A0BD191D236FA000155656 /* Small2D_SDL */,
			);
		};
/* End PBXProject section */

/* Begin PBXSourcesBuildPhase section */
		35A0BD161D236FA000155656 /* Sources */ = {
			isa = PBXSourcesBuildPhase;
			buildActionMask = 2147483647;
			files = (
				35AFD8151D23733B003FAE93 /* FPSCounter.cpp in Sources */,
				35AFD80E1D23733B003FAE93 /* MenuState.cpp in Sources */,
				35EFCFBC1D361B2000F14859 /* Object.cpp in Sources */,
				35AFD8091D23733B003FAE93 /* DisplayManager.cpp in Sources */,
				35AFD80B1D23733B003FAE93 /* GameState.cpp in Sources */,
				35AFD8371D23A47A003FAE93 /* main.cpp in Sources */,
				355A022D1D2A476C00AEB41D /* Button.cpp in Sources */,
				35AFD80C1D23733B003FAE93 /* global.cpp in Sources */,
				35AFD8131D23733B003FAE93 /* Wall.cpp in Sources */,
				35AFD8161D23733B003FAE93 /* image_func.cpp in Sources */,
				35AFD8111D23733B003FAE93 /* Creature.cpp in Sources */,
				35AFD80F1D23733B003FAE93 /* PlayState.cpp in Sources */,
				35AFD80D1D23733B003FAE93 /* IntroState.cpp in Sources */,
				35AFD80A1D23733B003FAE93 /* Game.cpp in Sources */,
			);
			runOnlyForDeploymentPostprocessing = 0;
		};
/* End PBXSourcesBuildPhase section */

/* Begin XCBuildConfiguration section */
		35A0BD1F1D236FA000155656 /* Debug */ = {
			isa = XCBuildConfiguration;
			buildSettings = {
				ALWAYS_SEARCH_USER_PATHS = NO;
				CLANG_ANALYZER_NONNULL = YES;
				CLANG_CXX_LANGUAGE_STANDARD = "gnu++0x";
				CLANG_CXX_LIBRARY = "libc++";
				CLANG_ENABLE_MODULES = YES;
				CLANG_ENABLE_OBJC_ARC = YES;
				CLANG_WARN_BOOL_CONVERSION = YES;
				CLANG_WARN_CONSTANT_CONVERSION = YES;
				CLANG_WARN_DIRECT_OBJC_ISA_USAGE = YES_ERROR;
				CLANG_WARN_EMPTY_BODY = YES;
				CLANG_WARN_ENUM_CONVERSION = YES;
				CLANG_WARN_INT_CONVERSION = YES;
				CLANG_WARN_OBJC_ROOT_CLASS = YES_ERROR;
				CLANG_WARN_UNREACHABLE_CODE = YES;
				CLANG_WARN__DUPLICATE_METHOD_MATCH = YES;
				CODE_SIGN_IDENTITY = "-";
				COPY_PHASE_STRIP = NO;
				DEBUG_INFORMATION_FORMAT = dwarf;
				ENABLE_STRICT_OBJC_MSGSEND = YES;
				ENABLE_TESTABILITY = YES;
				GCC_C_LANGUAGE_STANDARD = gnu99;
				GCC_DYNAMIC_NO_PIC = NO;
				GCC_NO_COMMON_BLOCKS = YES;
				GCC_OPTIMIZATION_LEVEL = 0;
				GCC_PREPROCESSOR_DEFINITIONS = (
					"DEBUG=1",
					"$(inherited)",
				);
				GCC_WARN_64_TO_32_BIT_CONVERSION = YES;
				GCC_WARN_ABOUT_RETURN_TYPE = YES_ERROR;
				GCC_WARN_UNDECLARED_SELECTOR = YES;
				GCC_WARN_UNINITIALIZED_AUTOS = YES_AGGRESSIVE;
				GCC_WARN_UNUSED_FUNCTION = YES;
				GCC_WARN_UNUSED_VARIABLE = YES;
				MACOSX_DEPLOYMENT_TARGET = 10.11;
				MTL_ENABLE_DEBUG_INFO = YES;
				ONLY_ACTIVE_ARCH = YES;
				SDKROOT = macosx;
			};
			name = Debug;
		};
		35A0BD201D236FA000155656 /* Release */ = {
			isa = XCBuildConfiguration;
			buildSettings = {
				ALWAYS_SEARCH_USER_PATHS = NO;
				CLANG_ANALYZER_NONNULL = YES;
				CLANG_CXX_LANGUAGE_STANDARD = "gnu++0x";
				CLANG_CXX_LIBRARY = "libc++";
				CLANG_ENABLE_MODULES = YES;
				CLANG_ENABLE_OBJC_ARC = YES;
				CLANG_WARN_BOOL_CONVERSION = YES;
				CLANG_WARN_CONSTANT_CONVERSION = YES;
				CLANG_WARN_DIRECT_OBJC_ISA_USAGE = YES_ERROR;
				CLANG_WARN_EMPTY_BODY = YES;
				CLANG_WARN_ENUM_CONVERSION = YES;
				CLANG_WARN_INT_CONVERSION = YES;
				CLANG_WARN_OBJC_ROOT_CLASS = YES_ERROR;
				CLANG_WARN_UNREACHABLE_CODE = YES;
				CLANG_WARN__DUPLICATE_METHOD_MATCH = YES;
				CODE_SIGN_IDENTITY = "-";
				COPY_PHASE_STRIP = NO;
				DEBUG_INFORMATION_FORMAT = "dwarf-with-dsym";
				ENABLE_NS_ASSERTIONS = NO;
				ENABLE_STRICT_OBJC_MSGSEND = YES;
				GCC_C_LANGUAGE_STANDARD = gnu99;
				GCC_NO_COMMON_BLOCKS = YES;
				GCC_WARN_64_TO_32_BIT_CONVERSION = YES;
				GCC_WARN_ABOUT_RETURN_TYPE = YES_ERROR;
				GCC_WARN_UNDECLARED_SELECTOR = YES;
				GCC_WARN_UNINITIALIZED_AUTOS = YES_AGGRESSIVE;
				GCC_WARN_UNUSED_FUNCTION = YES;
				GCC_WARN_UNUSED_VARIABLE = YES;
				MACOSX_DEPLOYMENT_TARGET = 10.11;
				MTL_ENABLE_DEBUG_INFO = NO;
				SDKROOT = macosx;
			};
			name = Release;
		};
		35A0BD221D236FA000155656 /* Debug */ = {
			isa = XCBuildConfiguration;
			buildSettings = {
				FRAMEWORK_SEARCH_PATHS = (
					"$(inherited)",
					"$(LOCAL_LIBRARY_DIR)/Frameworks",
				);
				PRODUCT_NAME = Small2D_SDL;
			};
			name = Debug;
		};
		35A0BD231D236FA000155656 /* Release */ = {
			isa = XCBuildConfiguration;
			buildSettings = {
				FRAMEWORK_SEARCH_PATHS = (
					"$(inherited)",
					"$(LOCAL_LIBRARY_DIR)/Frameworks",
				);
				PRODUCT_NAME = Small2D_SDL;
			};
			name = Release;
		};
/* End XCBuildConfiguration section */

/* Begin XCConfigurationList section */
		35A0BD151D236FA000155656 /* Build configuration list for PBXProject "Small2D_SDL" */ = {
			isa = XCConfigurationList;
			buildConfigurations = (
				35A0BD1F1D236FA000155656 /* Debug */,
				35A0BD201D236FA000155656 /* Release */,
			);
			defaultConfigurationIsVisible = 0;
			defaultConfigurationName = Release;
		};
		35A0BD211D236FA000155656 /* Build configuration list for PBXNativeTarget "Small2D_SDL" */ = {
			isa = XCConfigurationList;
			buildConfigurations = (
				35A0BD221D236FA000155656 /* Debug */,
				35A0BD231D236FA000155656 /* Release */,
			);
			defaultConfigurationIsVisible = 0;
			defaultConfigurationName = Release;
		};
/* End XCConfigurationList section */
	};
	rootObject = 35A0BD121D236FA000155656 /* Project object */;
}
